
Microsoft Visual Studio Solution File, Format Version 12.00
# Visual Studio Version 17
VisualStudioVersion = 17.7.34024.191
MinimumVisualStudioVersion = 10.0.40219.1
Project("{FAE04EC0-301F-11D3-BF4B-00C04F79EFBC}") = "A - Shiritori", "A - Shiritori.csproj", "{A6E185B5-F365-48CB-AC6F-D8963C3212E1}"
EndProject
Global
	GlobalSection(SolutionConfigurationPlatforms) = preSolution
		Debug|Any CPU = Debug|Any CPU
		Release|Any CPU = Release|Any CPU
	EndGlobalSection
	GlobalSection(ProjectConfigurationPlatforms) = postSolution
		{A6E185B5-F365-48CB-AC6F-D8963C3212E1}.Debug|Any CPU.ActiveCfg = Debug|Any CPU
		{A6E185B5-F365-48CB-AC6F-D8963C3212E1}.Debug|Any CPU.Build.0 = Debug|Any CPU
		{A6E185B5-F365-48CB-AC6F-D8963C3212E1}.Release|Any CPU.ActiveCfg = Release|Any CPU
		{A6E185B5-F365-48CB-AC6F-D8963C3212E1}.Release|Any CPU.Build.0 = Release|Any CPU
	EndGlobalSection
	GlobalSection(SolutionProperties) = preSolution
		HideSolutionNode = FALSE
	EndGlobalSection
	GlobalSection(ExtensibilityGlobals) = postSolution
		SolutionGuid = {55F56C70-C331-4C1C-A3E6-0B57D5A37E5F}
	EndGlobalSection
EndGlobal
