
Microsoft Visual Studio Solution File, Format Version 12.00
# Visual Studio Version 17
VisualStudioVersion = 17.7.34024.191
MinimumVisualStudioVersion = 10.0.40219.1
Project("{FAE04EC0-301F-11D3-BF4B-00C04F79EFBC}") = "A - Already 2018", "A - Already 2018.csproj", "{FBED753D-ACE1-438D-9232-FBB2F376A9D9}"
EndProject
Global
	GlobalSection(SolutionConfigurationPlatforms) = preSolution
		Debug|Any CPU = Debug|Any CPU
		Release|Any CPU = Release|Any CPU
	EndGlobalSection
	GlobalSection(ProjectConfigurationPlatforms) = postSolution
		{FBED753D-ACE1-438D-9232-FBB2F376A9D9}.Debug|Any CPU.ActiveCfg = Debug|Any CPU
		{FBED753D-ACE1-438D-9232-FBB2F376A9D9}.Debug|Any CPU.Build.0 = Debug|Any CPU
		{FBED753D-ACE1-438D-9232-FBB2F376A9D9}.Release|Any CPU.ActiveCfg = Release|Any CPU
		{FBED753D-ACE1-438D-9232-FBB2F376A9D9}.Release|Any CPU.Build.0 = Release|Any CPU
	EndGlobalSection
	GlobalSection(SolutionProperties) = preSolution
		HideSolutionNode = FALSE
	EndGlobalSection
	GlobalSection(ExtensibilityGlobals) = postSolution
		SolutionGuid = {CAA57371-0623-49F4-820F-86D6ABDAD05C}
	EndGlobalSection
EndGlobal
