
Microsoft Visual Studio Solution File, Format Version 12.00
# Visual Studio Version 17
VisualStudioVersion = 17.7.34024.191
MinimumVisualStudioVersion = 10.0.40219.1
Project("{FAE04EC0-301F-11D3-BF4B-00C04F79EFBC}") = "A - Cats and Dogs", "A - Cats and Dogs.csproj", "{6A9527A6-1EC0-475F-928B-E8FB25378210}"
EndProject
Global
	GlobalSection(SolutionConfigurationPlatforms) = preSolution
		Debug|Any CPU = Debug|Any CPU
		Release|Any CPU = Release|Any CPU
	EndGlobalSection
	GlobalSection(ProjectConfigurationPlatforms) = postSolution
		{6A9527A6-1EC0-475F-928B-E8FB25378210}.Debug|Any CPU.ActiveCfg = Debug|Any CPU
		{6A9527A6-1EC0-475F-928B-E8FB25378210}.Debug|Any CPU.Build.0 = Debug|Any CPU
		{6A9527A6-1EC0-475F-928B-E8FB25378210}.Release|Any CPU.ActiveCfg = Release|Any CPU
		{6A9527A6-1EC0-475F-928B-E8FB25378210}.Release|Any CPU.Build.0 = Release|Any CPU
	EndGlobalSection
	GlobalSection(SolutionProperties) = preSolution
		HideSolutionNode = FALSE
	EndGlobalSection
	GlobalSection(ExtensibilityGlobals) = postSolution
		SolutionGuid = {1972470A-5E58-4E7A-BD93-1FB88DFBD4B8}
	EndGlobalSection
EndGlobal
