
Microsoft Visual Studio Solution File, Format Version 12.00
# Visual Studio Version 17
VisualStudioVersion = 17.7.34024.191
MinimumVisualStudioVersion = 10.0.40219.1
Project("{FAE04EC0-301F-11D3-BF4B-00C04F79EFBC}") = "A - Trapezoids", "A - Trapezoids.csproj", "{FDD36F97-8DF4-42A6-82CF-3FC4379BDE25}"
EndProject
Global
	GlobalSection(SolutionConfigurationPlatforms) = preSolution
		Debug|Any CPU = Debug|Any CPU
		Release|Any CPU = Release|Any CPU
	EndGlobalSection
	GlobalSection(ProjectConfigurationPlatforms) = postSolution
		{FDD36F97-8DF4-42A6-82CF-3FC4379BDE25}.Debug|Any CPU.ActiveCfg = Debug|Any CPU
		{FDD36F97-8DF4-42A6-82CF-3FC4379BDE25}.Debug|Any CPU.Build.0 = Debug|Any CPU
		{FDD36F97-8DF4-42A6-82CF-3FC4379BDE25}.Release|Any CPU.ActiveCfg = Release|Any CPU
		{FDD36F97-8DF4-42A6-82CF-3FC4379BDE25}.Release|Any CPU.Build.0 = Release|Any CPU
	EndGlobalSection
	GlobalSection(SolutionProperties) = preSolution
		HideSolutionNode = FALSE
	EndGlobalSection
	GlobalSection(ExtensibilityGlobals) = postSolution
		SolutionGuid = {ED46EB7D-D777-4BB6-BDAD-8BE057E17FC9}
	EndGlobalSection
EndGlobal
