
Microsoft Visual Studio Solution File, Format Version 12.00
# Visual Studio Version 17
VisualStudioVersion = 17.7.34024.191
MinimumVisualStudioVersion = 10.0.40219.1
Project("{FAE04EC0-301F-11D3-BF4B-00C04F79EFBC}") = "A - Two Coins", "A - Two Coins.csproj", "{72492A41-E0BF-4B88-973F-A6A28935783C}"
EndProject
Global
	GlobalSection(SolutionConfigurationPlatforms) = preSolution
		Debug|Any CPU = Debug|Any CPU
		Release|Any CPU = Release|Any CPU
	EndGlobalSection
	GlobalSection(ProjectConfigurationPlatforms) = postSolution
		{72492A41-E0BF-4B88-973F-A6A28935783C}.Debug|Any CPU.ActiveCfg = Debug|Any CPU
		{72492A41-E0BF-4B88-973F-A6A28935783C}.Debug|Any CPU.Build.0 = Debug|Any CPU
		{72492A41-E0BF-4B88-973F-A6A28935783C}.Release|Any CPU.ActiveCfg = Release|Any CPU
		{72492A41-E0BF-4B88-973F-A6A28935783C}.Release|Any CPU.Build.0 = Release|Any CPU
	EndGlobalSection
	GlobalSection(SolutionProperties) = preSolution
		HideSolutionNode = FALSE
	EndGlobalSection
	GlobalSection(ExtensibilityGlobals) = postSolution
		SolutionGuid = {91063B9D-1822-4D80-9F2C-3768D5EDF669}
	EndGlobalSection
EndGlobal
