
Microsoft Visual Studio Solution File, Format Version 12.00
# Visual Studio Version 17
VisualStudioVersion = 17.7.34024.191
MinimumVisualStudioVersion = 10.0.40219.1
Project("{FAE04EC0-301F-11D3-BF4B-00C04F79EFBC}") = "A - AtCoDeer and Paint Cans", "A - AtCoDeer and Paint Cans.csproj", "{72B4E12D-998B-4362-96A5-4BDF18FEC5B5}"
EndProject
Global
	GlobalSection(SolutionConfigurationPlatforms) = preSolution
		Debug|Any CPU = Debug|Any CPU
		Release|Any CPU = Release|Any CPU
	EndGlobalSection
	GlobalSection(ProjectConfigurationPlatforms) = postSolution
		{72B4E12D-998B-4362-96A5-4BDF18FEC5B5}.Debug|Any CPU.ActiveCfg = Debug|Any CPU
		{72B4E12D-998B-4362-96A5-4BDF18FEC5B5}.Debug|Any CPU.Build.0 = Debug|Any CPU
		{72B4E12D-998B-4362-96A5-4BDF18FEC5B5}.Release|Any CPU.ActiveCfg = Release|Any CPU
		{72B4E12D-998B-4362-96A5-4BDF18FEC5B5}.Release|Any CPU.Build.0 = Release|Any CPU
	EndGlobalSection
	GlobalSection(SolutionProperties) = preSolution
		HideSolutionNode = FALSE
	EndGlobalSection
	GlobalSection(ExtensibilityGlobals) = postSolution
		SolutionGuid = {C39E46E9-1F6E-45C6-990E-05B49D75B8EA}
	EndGlobalSection
EndGlobal
