
Microsoft Visual Studio Solution File, Format Version 12.00
# Visual Studio Version 17
VisualStudioVersion = 17.7.34024.191
MinimumVisualStudioVersion = 10.0.40219.1
Project("{FAE04EC0-301F-11D3-BF4B-00C04F79EFBC}") = "A - Two Rectangles", "A - Two Rectangles.csproj", "{98ED98C8-9B22-4726-BCD5-E18E7B5B50EC}"
EndProject
Global
	GlobalSection(SolutionConfigurationPlatforms) = preSolution
		Debug|Any CPU = Debug|Any CPU
		Release|Any CPU = Release|Any CPU
	EndGlobalSection
	GlobalSection(ProjectConfigurationPlatforms) = postSolution
		{98ED98C8-9B22-4726-BCD5-E18E7B5B50EC}.Debug|Any CPU.ActiveCfg = Debug|Any CPU
		{98ED98C8-9B22-4726-BCD5-E18E7B5B50EC}.Debug|Any CPU.Build.0 = Debug|Any CPU
		{98ED98C8-9B22-4726-BCD5-E18E7B5B50EC}.Release|Any CPU.ActiveCfg = Release|Any CPU
		{98ED98C8-9B22-4726-BCD5-E18E7B5B50EC}.Release|Any CPU.Build.0 = Release|Any CPU
	EndGlobalSection
	GlobalSection(SolutionProperties) = preSolution
		HideSolutionNode = FALSE
	EndGlobalSection
	GlobalSection(ExtensibilityGlobals) = postSolution
		SolutionGuid = {B84465A7-0A5A-44E0-B81B-6B4A4230ED21}
	EndGlobalSection
EndGlobal
