
Microsoft Visual Studio Solution File, Format Version 12.00
# Visual Studio Version 17
VisualStudioVersion = 17.7.34024.191
MinimumVisualStudioVersion = 10.0.40219.1
Project("{FAE04EC0-301F-11D3-BF4B-00C04F79EFBC}") = "A - Restricted", "A - Restricted.csproj", "{6BA56F11-1059-430D-8182-35C2CCCF9E6E}"
EndProject
Global
	GlobalSection(SolutionConfigurationPlatforms) = preSolution
		Debug|Any CPU = Debug|Any CPU
		Release|Any CPU = Release|Any CPU
	EndGlobalSection
	GlobalSection(ProjectConfigurationPlatforms) = postSolution
		{6BA56F11-1059-430D-8182-35C2CCCF9E6E}.Debug|Any CPU.ActiveCfg = Debug|Any CPU
		{6BA56F11-1059-430D-8182-35C2CCCF9E6E}.Debug|Any CPU.Build.0 = Debug|Any CPU
		{6BA56F11-1059-430D-8182-35C2CCCF9E6E}.Release|Any CPU.ActiveCfg = Release|Any CPU
		{6BA56F11-1059-430D-8182-35C2CCCF9E6E}.Release|Any CPU.Build.0 = Release|Any CPU
	EndGlobalSection
	GlobalSection(SolutionProperties) = preSolution
		HideSolutionNode = FALSE
	EndGlobalSection
	GlobalSection(ExtensibilityGlobals) = postSolution
		SolutionGuid = {35FBBBAE-BF79-481F-89FF-012B6BE372D0}
	EndGlobalSection
EndGlobal
